
Microsoft Visual Studio Solution File, Format Version 12.00
# Visual Studio Version 17
VisualStudioVersion = 17.14.36414.22
MinimumVisualStudioVersion = 10.0.40219.1
Project("{FAE04EC0-301F-11D3-BF4B-00C04F79EFBC}") = "DoanCStar", "DoanCStar\DoanCStar.csproj", "{5F26A346-FCD7-4CB4-8143-638BF4F14DCF}"
EndProject
Project("{FAE04EC0-301F-11D3-BF4B-00C04F79EFBC}") = "TestProject1", "TestProject1\TestProject1.csproj", "{460C7881-AD98-4B4C-9AA9-1F6243270970}"
EndProject
Global
	GlobalSection(SolutionConfigurationPlatforms) = preSolution
		Debug|Any CPU = Debug|Any CPU
		Release|Any CPU = Release|Any CPU
	EndGlobalSection
	GlobalSection(ProjectConfigurationPlatforms) = postSolution
		{5F26A346-FCD7-4CB4-8143-638BF4F14DCF}.Debug|Any CPU.ActiveCfg = Debug|Any CPU
		{5F26A346-FCD7-4CB4-8143-638BF4F14DCF}.Debug|Any CPU.Build.0 = Debug|Any CPU
		{5F26A346-FCD7-4CB4-8143-638BF4F14DCF}.Release|Any CPU.ActiveCfg = Release|Any CPU
		{5F26A346-FCD7-4CB4-8143-638BF4F14DCF}.Release|Any CPU.Build.0 = Release|Any CPU
		{460C7881-AD98-4B4C-9AA9-1F6243270970}.Debug|Any CPU.ActiveCfg = Debug|Any CPU
		{460C7881-AD98-4B4C-9AA9-1F6243270970}.Debug|Any CPU.Build.0 = Debug|Any CPU
		{460C7881-AD98-4B4C-9AA9-1F6243270970}.Release|Any CPU.ActiveCfg = Release|Any CPU
		{460C7881-AD98-4B4C-9AA9-1F6243270970}.Release|Any CPU.Build.0 = Release|Any CPU
	EndGlobalSection
	GlobalSection(SolutionProperties) = preSolution
		HideSolutionNode = FALSE
	EndGlobalSection
	GlobalSection(ExtensibilityGlobals) = postSolution
		SolutionGuid = {E8B2CC79-E0A5-4EC8-9D10-84FFF23C424C}
	EndGlobalSection
EndGlobal
